
Microsoft Visual Studio Solution File, Format Version 12.00
# Visual Studio 15
VisualStudioVersion = 15.0.26124.0
MinimumVisualStudioVersion = 15.0.26124.0
Project("{FAE04EC0-301F-11D3-BF4B-00C04F79EFBC}") = "application", "Api.Application\application.csproj", "{46FB46F0-BEBE-4115-A665-F56D3C5AE633}"
EndProject
Project("{FAE04EC0-301F-11D3-BF4B-00C04F79EFBC}") = "Domain", "Api.Domain\Domain.csproj", "{C9091E3A-3E29-4E88-BAB3-2269AE544A15}"
EndProject
Project("{FAE04EC0-301F-11D3-BF4B-00C04F79EFBC}") = "CrossCutting", "Api.Infra.CrossCutting\CrossCutting.csproj", "{CA9B2716-C0E7-44F0-835A-0D35EF13E78A}"
EndProject
Project("{FAE04EC0-301F-11D3-BF4B-00C04F79EFBC}") = "Data", "Api.Infra.Data\Data.csproj", "{7EF9F2B2-03BB-4B1C-93A6-B9951F4634FB}"
EndProject
Project("{FAE04EC0-301F-11D3-BF4B-00C04F79EFBC}") = "Service", "Api.Service\Service.csproj", "{3E9A2542-1662-4B0F-BD30-6850AC89D992}"
EndProject
Project("{FAE04EC0-301F-11D3-BF4B-00C04F79EFBC}") = "Api.Infra.Data.Test", "Api.Infra.Data.Test\Api.Infra.Data.Test.csproj", "{9B805A2B-16E4-42C8-B913-758D83D17A77}"
EndProject
Project("{FAE04EC0-301F-11D3-BF4B-00C04F79EFBC}") = "Api.Service.Test", "Api.Service.Test\Api.Service.Test.csproj", "{EE1521FD-1BDD-40DA-9A12-DA2F902550EE}"
EndProject
Project("{FAE04EC0-301F-11D3-BF4B-00C04F79EFBC}") = "Api.Application.Test", "Api.Application.Test\Api.Application.Test.csproj", "{CA9CC61A-E564-4540-B22D-9DFC500BCD9C}"
EndProject
Global
	GlobalSection(SolutionConfigurationPlatforms) = preSolution
		Debug|Any CPU = Debug|Any CPU
		Debug|x64 = Debug|x64
		Debug|x86 = Debug|x86
		Release|Any CPU = Release|Any CPU
		Release|x64 = Release|x64
		Release|x86 = Release|x86
	EndGlobalSection
	GlobalSection(SolutionProperties) = preSolution
		HideSolutionNode = FALSE
	EndGlobalSection
	GlobalSection(ProjectConfigurationPlatforms) = postSolution
		{46FB46F0-BEBE-4115-A665-F56D3C5AE633}.Debug|Any CPU.ActiveCfg = Debug|Any CPU
		{46FB46F0-BEBE-4115-A665-F56D3C5AE633}.Debug|Any CPU.Build.0 = Debug|Any CPU
		{46FB46F0-BEBE-4115-A665-F56D3C5AE633}.Debug|x64.ActiveCfg = Debug|Any CPU
		{46FB46F0-BEBE-4115-A665-F56D3C5AE633}.Debug|x64.Build.0 = Debug|Any CPU
		{46FB46F0-BEBE-4115-A665-F56D3C5AE633}.Debug|x86.ActiveCfg = Debug|Any CPU
		{46FB46F0-BEBE-4115-A665-F56D3C5AE633}.Debug|x86.Build.0 = Debug|Any CPU
		{46FB46F0-BEBE-4115-A665-F56D3C5AE633}.Release|Any CPU.ActiveCfg = Release|Any CPU
		{46FB46F0-BEBE-4115-A665-F56D3C5AE633}.Release|Any CPU.Build.0 = Release|Any CPU
		{46FB46F0-BEBE-4115-A665-F56D3C5AE633}.Release|x64.ActiveCfg = Release|Any CPU
		{46FB46F0-BEBE-4115-A665-F56D3C5AE633}.Release|x64.Build.0 = Release|Any CPU
		{46FB46F0-BEBE-4115-A665-F56D3C5AE633}.Release|x86.ActiveCfg = Release|Any CPU
		{46FB46F0-BEBE-4115-A665-F56D3C5AE633}.Release|x86.Build.0 = Release|Any CPU
		{C9091E3A-3E29-4E88-BAB3-2269AE544A15}.Debug|Any CPU.ActiveCfg = Debug|Any CPU
		{C9091E3A-3E29-4E88-BAB3-2269AE544A15}.Debug|Any CPU.Build.0 = Debug|Any CPU
		{C9091E3A-3E29-4E88-BAB3-2269AE544A15}.Debug|x64.ActiveCfg = Debug|Any CPU
		{C9091E3A-3E29-4E88-BAB3-2269AE544A15}.Debug|x64.Build.0 = Debug|Any CPU
		{C9091E3A-3E29-4E88-BAB3-2269AE544A15}.Debug|x86.ActiveCfg = Debug|Any CPU
		{C9091E3A-3E29-4E88-BAB3-2269AE544A15}.Debug|x86.Build.0 = Debug|Any CPU
		{C9091E3A-3E29-4E88-BAB3-2269AE544A15}.Release|Any CPU.ActiveCfg = Release|Any CPU
		{C9091E3A-3E29-4E88-BAB3-2269AE544A15}.Release|Any CPU.Build.0 = Release|Any CPU
		{C9091E3A-3E29-4E88-BAB3-2269AE544A15}.Release|x64.ActiveCfg = Release|Any CPU
		{C9091E3A-3E29-4E88-BAB3-2269AE544A15}.Release|x64.Build.0 = Release|Any CPU
		{C9091E3A-3E29-4E88-BAB3-2269AE544A15}.Release|x86.ActiveCfg = Release|Any CPU
		{C9091E3A-3E29-4E88-BAB3-2269AE544A15}.Release|x86.Build.0 = Release|Any CPU
		{CA9B2716-C0E7-44F0-835A-0D35EF13E78A}.Debug|Any CPU.ActiveCfg = Debug|Any CPU
		{CA9B2716-C0E7-44F0-835A-0D35EF13E78A}.Debug|Any CPU.Build.0 = Debug|Any CPU
		{CA9B2716-C0E7-44F0-835A-0D35EF13E78A}.Debug|x64.ActiveCfg = Debug|Any CPU
		{CA9B2716-C0E7-44F0-835A-0D35EF13E78A}.Debug|x64.Build.0 = Debug|Any CPU
		{CA9B2716-C0E7-44F0-835A-0D35EF13E78A}.Debug|x86.ActiveCfg = Debug|Any CPU
		{CA9B2716-C0E7-44F0-835A-0D35EF13E78A}.Debug|x86.Build.0 = Debug|Any CPU
		{CA9B2716-C0E7-44F0-835A-0D35EF13E78A}.Release|Any CPU.ActiveCfg = Release|Any CPU
		{CA9B2716-C0E7-44F0-835A-0D35EF13E78A}.Release|Any CPU.Build.0 = Release|Any CPU
		{CA9B2716-C0E7-44F0-835A-0D35EF13E78A}.Release|x64.ActiveCfg = Release|Any CPU
		{CA9B2716-C0E7-44F0-835A-0D35EF13E78A}.Release|x64.Build.0 = Release|Any CPU
		{CA9B2716-C0E7-44F0-835A-0D35EF13E78A}.Release|x86.ActiveCfg = Release|Any CPU
		{CA9B2716-C0E7-44F0-835A-0D35EF13E78A}.Release|x86.Build.0 = Release|Any CPU
		{7EF9F2B2-03BB-4B1C-93A6-B9951F4634FB}.Debug|Any CPU.ActiveCfg = Debug|Any CPU
		{7EF9F2B2-03BB-4B1C-93A6-B9951F4634FB}.Debug|Any CPU.Build.0 = Debug|Any CPU
		{7EF9F2B2-03BB-4B1C-93A6-B9951F4634FB}.Debug|x64.ActiveCfg = Debug|Any CPU
		{7EF9F2B2-03BB-4B1C-93A6-B9951F4634FB}.Debug|x64.Build.0 = Debug|Any CPU
		{7EF9F2B2-03BB-4B1C-93A6-B9951F4634FB}.Debug|x86.ActiveCfg = Debug|Any CPU
		{7EF9F2B2-03BB-4B1C-93A6-B9951F4634FB}.Debug|x86.Build.0 = Debug|Any CPU
		{7EF9F2B2-03BB-4B1C-93A6-B9951F4634FB}.Release|Any CPU.ActiveCfg = Release|Any CPU
		{7EF9F2B2-03BB-4B1C-93A6-B9951F4634FB}.Release|Any CPU.Build.0 = Release|Any CPU
		{7EF9F2B2-03BB-4B1C-93A6-B9951F4634FB}.Release|x64.ActiveCfg = Release|Any CPU
		{7EF9F2B2-03BB-4B1C-93A6-B9951F4634FB}.Release|x64.Build.0 = Release|Any CPU
		{7EF9F2B2-03BB-4B1C-93A6-B9951F4634FB}.Release|x86.ActiveCfg = Release|Any CPU
		{7EF9F2B2-03BB-4B1C-93A6-B9951F4634FB}.Release|x86.Build.0 = Release|Any CPU
		{3E9A2542-1662-4B0F-BD30-6850AC89D992}.Debug|Any CPU.ActiveCfg = Debug|Any CPU
		{3E9A2542-1662-4B0F-BD30-6850AC89D992}.Debug|Any CPU.Build.0 = Debug|Any CPU
		{3E9A2542-1662-4B0F-BD30-6850AC89D992}.Debug|x64.ActiveCfg = Debug|Any CPU
		{3E9A2542-1662-4B0F-BD30-6850AC89D992}.Debug|x64.Build.0 = Debug|Any CPU
		{3E9A2542-1662-4B0F-BD30-6850AC89D992}.Debug|x86.ActiveCfg = Debug|Any CPU
		{3E9A2542-1662-4B0F-BD30-6850AC89D992}.Debug|x86.Build.0 = Debug|Any CPU
		{3E9A2542-1662-4B0F-BD30-6850AC89D992}.Release|Any CPU.ActiveCfg = Release|Any CPU
		{3E9A2542-1662-4B0F-BD30-6850AC89D992}.Release|Any CPU.Build.0 = Release|Any CPU
		{3E9A2542-1662-4B0F-BD30-6850AC89D992}.Release|x64.ActiveCfg = Release|Any CPU
		{3E9A2542-1662-4B0F-BD30-6850AC89D992}.Release|x64.Build.0 = Release|Any CPU
		{3E9A2542-1662-4B0F-BD30-6850AC89D992}.Release|x86.ActiveCfg = Release|Any CPU
		{3E9A2542-1662-4B0F-BD30-6850AC89D992}.Release|x86.Build.0 = Release|Any CPU
		{9B805A2B-16E4-42C8-B913-758D83D17A77}.Debug|Any CPU.ActiveCfg = Debug|Any CPU
		{9B805A2B-16E4-42C8-B913-758D83D17A77}.Debug|Any CPU.Build.0 = Debug|Any CPU
		{9B805A2B-16E4-42C8-B913-758D83D17A77}.Debug|x64.ActiveCfg = Debug|Any CPU
		{9B805A2B-16E4-42C8-B913-758D83D17A77}.Debug|x64.Build.0 = Debug|Any CPU
		{9B805A2B-16E4-42C8-B913-758D83D17A77}.Debug|x86.ActiveCfg = Debug|Any CPU
		{9B805A2B-16E4-42C8-B913-758D83D17A77}.Debug|x86.Build.0 = Debug|Any CPU
		{9B805A2B-16E4-42C8-B913-758D83D17A77}.Release|Any CPU.ActiveCfg = Release|Any CPU
		{9B805A2B-16E4-42C8-B913-758D83D17A77}.Release|Any CPU.Build.0 = Release|Any CPU
		{9B805A2B-16E4-42C8-B913-758D83D17A77}.Release|x64.ActiveCfg = Release|Any CPU
		{9B805A2B-16E4-42C8-B913-758D83D17A77}.Release|x64.Build.0 = Release|Any CPU
		{9B805A2B-16E4-42C8-B913-758D83D17A77}.Release|x86.ActiveCfg = Release|Any CPU
		{9B805A2B-16E4-42C8-B913-758D83D17A77}.Release|x86.Build.0 = Release|Any CPU
		{EE1521FD-1BDD-40DA-9A12-DA2F902550EE}.Debug|Any CPU.ActiveCfg = Debug|Any CPU
		{EE1521FD-1BDD-40DA-9A12-DA2F902550EE}.Debug|Any CPU.Build.0 = Debug|Any CPU
		{EE1521FD-1BDD-40DA-9A12-DA2F902550EE}.Debug|x64.ActiveCfg = Debug|Any CPU
		{EE1521FD-1BDD-40DA-9A12-DA2F902550EE}.Debug|x64.Build.0 = Debug|Any CPU
		{EE1521FD-1BDD-40DA-9A12-DA2F902550EE}.Debug|x86.ActiveCfg = Debug|Any CPU
		{EE1521FD-1BDD-40DA-9A12-DA2F902550EE}.Debug|x86.Build.0 = Debug|Any CPU
		{EE1521FD-1BDD-40DA-9A12-DA2F902550EE}.Release|Any CPU.ActiveCfg = Release|Any CPU
		{EE1521FD-1BDD-40DA-9A12-DA2F902550EE}.Release|Any CPU.Build.0 = Release|Any CPU
		{EE1521FD-1BDD-40DA-9A12-DA2F902550EE}.Release|x64.ActiveCfg = Release|Any CPU
		{EE1521FD-1BDD-40DA-9A12-DA2F902550EE}.Release|x64.Build.0 = Release|Any CPU
		{EE1521FD-1BDD-40DA-9A12-DA2F902550EE}.Release|x86.ActiveCfg = Release|Any CPU
		{EE1521FD-1BDD-40DA-9A12-DA2F902550EE}.Release|x86.Build.0 = Release|Any CPU
		{CA9CC61A-E564-4540-B22D-9DFC500BCD9C}.Debug|Any CPU.ActiveCfg = Debug|Any CPU
		{CA9CC61A-E564-4540-B22D-9DFC500BCD9C}.Debug|Any CPU.Build.0 = Debug|Any CPU
		{CA9CC61A-E564-4540-B22D-9DFC500BCD9C}.Debug|x64.ActiveCfg = Debug|Any CPU
		{CA9CC61A-E564-4540-B22D-9DFC500BCD9C}.Debug|x64.Build.0 = Debug|Any CPU
		{CA9CC61A-E564-4540-B22D-9DFC500BCD9C}.Debug|x86.ActiveCfg = Debug|Any CPU
		{CA9CC61A-E564-4540-B22D-9DFC500BCD9C}.Debug|x86.Build.0 = Debug|Any CPU
		{CA9CC61A-E564-4540-B22D-9DFC500BCD9C}.Release|Any CPU.ActiveCfg = Release|Any CPU
		{CA9CC61A-E564-4540-B22D-9DFC500BCD9C}.Release|Any CPU.Build.0 = Release|Any CPU
		{CA9CC61A-E564-4540-B22D-9DFC500BCD9C}.Release|x64.ActiveCfg = Release|Any CPU
		{CA9CC61A-E564-4540-B22D-9DFC500BCD9C}.Release|x64.Build.0 = Release|Any CPU
		{CA9CC61A-E564-4540-B22D-9DFC500BCD9C}.Release|x86.ActiveCfg = Release|Any CPU
		{CA9CC61A-E564-4540-B22D-9DFC500BCD9C}.Release|x86.Build.0 = Release|Any CPU
	EndGlobalSection
EndGlobal
